{
  "lockfile_version": "1",
  "packages": {
    "cachix@1.7.4": {
      "last_modified": "2024-08-23T06:49:21Z",
      "resolved": "github:NixOS/nixpkgs/ae815cee91b417be55d43781eb4b73ae1ecc396c#cachix",
      "source": "devbox-search",
      "version": "1.7.4",
      "systems": {
        "aarch64-darwin": {
          "outputs": [
            {
              "name": "bin",
              "path": "/nix/store/6wmfbvlzbmal827cjiqhr4jyn8nkrmxs-cachix-1.7.4-bin",
              "default": true
            },
            {
              "name": "doc",
              "path": "/nix/store/i272c43my5q95sy3247fdw98gi5j7fks-cachix-1.7.4-doc"
            },
            {
              "name": "out",
              "path": "/nix/store/skn27xsxlhk2835qrnyfkahx5bx3k77z-cachix-1.7.4"
            }
          ],
          "store_path": "/nix/store/6wmfbvlzbmal827cjiqhr4jyn8nkrmxs-cachix-1.7.4-bin"
        },
        "aarch64-linux": {
          "outputs": [
            {
              "name": "bin",
              "path": "/nix/store/a0gjgcyfzqraa9ys8h8c9sjykgaj19vm-cachix-1.7.4-bin",
              "default": true
            },
            {
              "name": "doc",
              "path": "/nix/store/dkry5zy6dv8apgx0ljql3gv7n3qq3jp9-cachix-1.7.4-doc"
            },
            {
              "name": "out",
              "path": "/nix/store/ms2wcndbkpxhgf4sz56f94s3rfavix18-cachix-1.7.4"
            }
          ],
          "store_path": "/nix/store/a0gjgcyfzqraa9ys8h8c9sjykgaj19vm-cachix-1.7.4-bin"
        },
        "x86_64-darwin": {
          "outputs": [
            {
              "name": "bin",
              "path": "/nix/store/lipjafijadsmzjdkri9as3rkxjndy2qv-cachix-1.7.4-bin",
              "default": true
            },
            {
              "name": "doc",
              "path": "/nix/store/yam09fdahnzpmj8a4l7drwpl5c2rhw5z-cachix-1.7.4-doc"
            },
            {
              "name": "out",
              "path": "/nix/store/j4510wsfnhix3ayqiimn9ja8dmbk1l69-cachix-1.7.4"
            }
          ],
          "store_path": "/nix/store/lipjafijadsmzjdkri9as3rkxjndy2qv-cachix-1.7.4-bin"
        },
        "x86_64-linux": {
          "outputs": [
            {
              "name": "bin",
              "path": "/nix/store/725wzn1snq1f35qkvad2fi604wp1nnh4-cachix-1.7.4-bin",
              "default": true
            },
            {
              "name": "doc",
              "path": "/nix/store/13zlbbg8pa0ac6pi6nf43w9lni9lkzwv-cachix-1.7.4-doc"
            },
            {
              "name": "out",
              "path": "/nix/store/09y2dlsskncfcx5q9gppz8a73v2sgx0l-cachix-1.7.4"
            }
          ],
          "store_path": "/nix/store/725wzn1snq1f35qkvad2fi604wp1nnh4-cachix-1.7.4-bin"
        }
      }
    },
    "docker@27.1.1": {
      "last_modified": "2024-08-17T10:40:00Z",
      "resolved": "github:NixOS/nixpkgs/a0d6390cb3e82062a35d0288979c45756e481f60#docker",
      "source": "devbox-search",
      "version": "27.1.1",
      "systems": {
        "aarch64-darwin": {
          "outputs": [
            {
              "name": "out",
              "path": "/nix/store/6hczrp87s1gc43shvfm72li0wgxcdnav-docker-27.1.1",
              "default": true
            }
          ],
          "store_path": "/nix/store/6hczrp87s1gc43shvfm72li0wgxcdnav-docker-27.1.1"
        },
        "aarch64-linux": {
          "outputs": [
            {
              "name": "out",
              "path": "/nix/store/9y377zbhflzw9080lpk8rhbgdmb1sm33-docker-27.1.1",
              "default": true
            }
          ],
          "store_path": "/nix/store/9y377zbhflzw9080lpk8rhbgdmb1sm33-docker-27.1.1"
        },
        "x86_64-darwin": {
          "outputs": [
            {
              "name": "out",
              "path": "/nix/store/bngmcm26xmywy5mmgnvmygb9fjv2252j-docker-27.1.1",
              "default": true
            }
          ],
          "store_path": "/nix/store/bngmcm26xmywy5mmgnvmygb9fjv2252j-docker-27.1.1"
        },
        "x86_64-linux": {
          "outputs": [
            {
              "name": "out",
              "path": "/nix/store/jp31x76yh6x6gdy82c0chd9rha9pk6zf-docker-27.1.1",
              "default": true
            }
          ],
          "store_path": "/nix/store/jp31x76yh6x6gdy82c0chd9rha9pk6zf-docker-27.1.1"
        }
      }
    },
    "go-task@3.38.0": {
      "last_modified": "2024-08-27T08:49:48Z",
      "resolved": "github:NixOS/nixpkgs/a6292e34000dc93d43bccf78338770c1c5ec8a99#go-task",
      "source": "devbox-search",
      "version": "3.38.0",
      "systems": {
        "aarch64-darwin": {
          "outputs": [
            {
              "name": "out",
              "path": "/nix/store/k8bpff5f44skgzmvb3smy8wf3pimbmvm-go-task-3.38.0",
              "default": true
            }
          ],
          "store_path": "/nix/store/k8bpff5f44skgzmvb3smy8wf3pimbmvm-go-task-3.38.0"
        },
        "aarch64-linux": {
          "outputs": [
            {
              "name": "out",
              "path": "/nix/store/301g7aypzz3yk66czg4sl4kks10kas8i-go-task-3.38.0",
              "default": true
            }
          ],
          "store_path": "/nix/store/301g7aypzz3yk66czg4sl4kks10kas8i-go-task-3.38.0"
        },
        "x86_64-darwin": {
          "outputs": [
            {
              "name": "out",
              "path": "/nix/store/b01mfrr6b2wxj1s5067m7332wfmrasz5-go-task-3.38.0",
              "default": true
            }
          ],
          "store_path": "/nix/store/b01mfrr6b2wxj1s5067m7332wfmrasz5-go-task-3.38.0"
        },
        "x86_64-linux": {
          "outputs": [
            {
              "name": "out",
              "path": "/nix/store/3q2mklnjvk2wqi6i8m8has6ax501wy40-go-task-3.38.0",
              "default": true
            }
          ],
          "store_path": "/nix/store/3q2mklnjvk2wqi6i8m8has6ax501wy40-go-task-3.38.0"
        }
      }
    },
    "poetry@1.8.3": {
      "last_modified": "2024-08-27T08:49:48Z",
      "plugin_version": "0.0.4",
      "resolved": "github:NixOS/nixpkgs/a6292e34000dc93d43bccf78338770c1c5ec8a99#poetry",
      "source": "devbox-search",
      "version": "1.8.3",
      "systems": {
        "aarch64-darwin": {
          "outputs": [
            {
              "name": "out",
              "path": "/nix/store/1g5zv1mrdn13sw6w60kbpbq70jiz644d-python3.12-poetry-1.8.3",
              "default": true
            },
            {
              "name": "dist",
              "path": "/nix/store/xirn7icibg5y9kzj7jlknfz3y6jknbjh-python3.12-poetry-1.8.3-dist"
            }
          ],
          "store_path": "/nix/store/1g5zv1mrdn13sw6w60kbpbq70jiz644d-python3.12-poetry-1.8.3"
        },
        "aarch64-linux": {
          "outputs": [
            {
              "name": "out",
              "path": "/nix/store/r65hfgyak218sdacrq2px02m4p7838sw-python3.12-poetry-1.8.3",
              "default": true
            },
            {
              "name": "dist",
              "path": "/nix/store/h6h4cfsb49qjym4ac6z3scsbv0nz3b4a-python3.12-poetry-1.8.3-dist"
            }
          ],
          "store_path": "/nix/store/r65hfgyak218sdacrq2px02m4p7838sw-python3.12-poetry-1.8.3"
        },
        "x86_64-darwin": {
          "outputs": [
            {
              "name": "out",
              "path": "/nix/store/mygixpcrb360i9c9n0sn0bhqpglrgdy3-python3.12-poetry-1.8.3",
              "default": true
            },
            {
              "name": "dist",
              "path": "/nix/store/d981x3aqbwxscqdir8rqgkvd1dlhx6in-python3.12-poetry-1.8.3-dist"
            }
          ],
          "store_path": "/nix/store/mygixpcrb360i9c9n0sn0bhqpglrgdy3-python3.12-poetry-1.8.3"
        },
        "x86_64-linux": {
          "outputs": [
            {
              "name": "out",
              "path": "/nix/store/3gx85p4wkv2h2jmzxqvsz07vmqn0vjji-python3.12-poetry-1.8.3",
              "default": true
            },
            {
              "name": "dist",
              "path": "/nix/store/9chkp83q605jgw2xxmyq6gdk4kp9wks2-python3.12-poetry-1.8.3-dist"
            }
          ],
          "store_path": "/nix/store/3gx85p4wkv2h2jmzxqvsz07vmqn0vjji-python3.12-poetry-1.8.3"
        }
      }
    },
    "pre-commit@3.7.1": {
      "last_modified": "2024-08-27T08:49:48Z",
      "resolved": "github:NixOS/nixpkgs/a6292e34000dc93d43bccf78338770c1c5ec8a99#pre-commit",
      "source": "devbox-search",
      "version": "3.7.1",
      "systems": {
        "aarch64-darwin": {
          "outputs": [
            {
              "name": "out",
              "path": "/nix/store/4knvnbc12zh79wik50cpwy83lp04whsn-pre-commit-3.7.1",
              "default": true
            },
            {
              "name": "dist",
              "path": "/nix/store/vm25h2ia0ilsdgyvvhnj0i66hq53znfc-pre-commit-3.7.1-dist"
            }
          ],
          "store_path": "/nix/store/4knvnbc12zh79wik50cpwy83lp04whsn-pre-commit-3.7.1"
        },
        "aarch64-linux": {
          "outputs": [
            {
              "name": "out",
              "path": "/nix/store/f4cvl55hmbzh99bji2rvkz0irnw0rqcd-pre-commit-3.7.1",
              "default": true
            },
            {
              "name": "dist",
              "path": "/nix/store/qmlyh78bvv35i56lqsgf4pd8kai7a56m-pre-commit-3.7.1-dist"
            }
          ],
          "store_path": "/nix/store/f4cvl55hmbzh99bji2rvkz0irnw0rqcd-pre-commit-3.7.1"
        },
        "x86_64-darwin": {
          "outputs": [
            {
              "name": "out",
              "path": "/nix/store/ylxrvnig5h8bzwdwsxkzgx1vxi1lq1xi-pre-commit-3.7.1",
              "default": true
            },
            {
              "name": "dist",
              "path": "/nix/store/00qq7ph8z9sx9c4b8dwz8msqgf7sq2hs-pre-commit-3.7.1-dist"
            }
          ],
          "store_path": "/nix/store/ylxrvnig5h8bzwdwsxkzgx1vxi1lq1xi-pre-commit-3.7.1"
        },
        "x86_64-linux": {
          "outputs": [
            {
              "name": "out",
              "path": "/nix/store/3prj2gccvgpr5fmp0lrm25n7mriw8zba-pre-commit-3.7.1",
              "default": true
            },
            {
              "name": "dist",
              "path": "/nix/store/p34zc85j5q4hiwca4v196xh57c89lmiz-pre-commit-3.7.1-dist"
            }
          ],
          "store_path": "/nix/store/3prj2gccvgpr5fmp0lrm25n7mriw8zba-pre-commit-3.7.1"
        }
      }
    },
    "python@3.11.9": {
      "last_modified": "2024-06-12T20:55:33Z",
      "plugin_version": "0.0.4",
      "resolved": "github:NixOS/nixpkgs/a9858885e197f984d92d7fe64e9fff6b2e488d40#python3",
      "source": "devbox-search",
      "version": "3.11.9",
      "systems": {
        "aarch64-darwin": {
          "outputs": [
            {
              "name": "out",
              "path": "/nix/store/327bf08j5b7l9cnzink3g4vp32y5352j-python3-3.11.9",
              "default": true
            }
          ],
          "store_path": "/nix/store/327bf08j5b7l9cnzink3g4vp32y5352j-python3-3.11.9"
        },
        "aarch64-linux": {
          "outputs": [
            {
              "name": "out",
              "path": "/nix/store/q3x28mimkawkdjlvd78jxv3s0fk25vz8-python3-3.11.9",
              "default": true
            },
            {
              "name": "debug",
              "path": "/nix/store/kl8hjhf6x7dz7brs1ylkxy26qb8argaq-python3-3.11.9-debug"
            }
          ],
          "store_path": "/nix/store/q3x28mimkawkdjlvd78jxv3s0fk25vz8-python3-3.11.9"
        },
        "x86_64-darwin": {
          "outputs": [
            {
              "name": "out",
              "path": "/nix/store/9lcbaggnygcqpgzakib5lwisks8gnn5i-python3-3.11.9",
              "default": true
            }
          ],
          "store_path": "/nix/store/9lcbaggnygcqpgzakib5lwisks8gnn5i-python3-3.11.9"
        },
        "x86_64-linux": {
          "outputs": [
            {
              "name": "out",
              "path": "/nix/store/6b1fqdwb3g56j5pazv8zkx9qd0mv3wiz-python3-3.11.9",
              "default": true
            },
            {
              "name": "debug",
              "path": "/nix/store/61rzpp3v8dsf6h17h3jnnwlm5hwc2brr-python3-3.11.9-debug"
            }
          ],
          "store_path": "/nix/store/6b1fqdwb3g56j5pazv8zkx9qd0mv3wiz-python3-3.11.9"
        }
      }
    },
    "statix@latest": {
      "last_modified": "2024-08-14T11:41:26Z",
      "resolved": "github:NixOS/nixpkgs/0cb2fd7c59fed0cd82ef858cbcbdb552b9a33465#statix",
      "source": "devbox-search",
      "version": "0.5.8",
      "systems": {
        "aarch64-darwin": {
          "outputs": [
            {
              "name": "out",
              "path": "/nix/store/8fqs8n89j8zdpn1df8ywl3s2pq7w63lb-statix-0.5.8",
              "default": true
            }
          ],
          "store_path": "/nix/store/8fqs8n89j8zdpn1df8ywl3s2pq7w63lb-statix-0.5.8"
        },
        "aarch64-linux": {
          "outputs": [
            {
              "name": "out",
              "path": "/nix/store/phlzkgpx33ac4wlkqqs6j8k4gizyccgn-statix-0.5.8",
              "default": true
            }
          ],
          "store_path": "/nix/store/phlzkgpx33ac4wlkqqs6j8k4gizyccgn-statix-0.5.8"
        },
        "x86_64-darwin": {
          "outputs": [
            {
              "name": "out",
              "path": "/nix/store/7f682hhq5lrcywynrrfp6wvvbxr0bwfx-statix-0.5.8",
              "default": true
            }
          ],
          "store_path": "/nix/store/7f682hhq5lrcywynrrfp6wvvbxr0bwfx-statix-0.5.8"
        },
        "x86_64-linux": {
          "outputs": [
            {
              "name": "out",
              "path": "/nix/store/xwiwx0cghxa8i7krzwgrr0hcl2223fjc-statix-0.5.8",
              "default": true
            }
          ],
          "store_path": "/nix/store/xwiwx0cghxa8i7krzwgrr0hcl2223fjc-statix-0.5.8"
        }
      }
    }
  }
}
